
Microsoft Visual Studio Solution File, Format Version 12.00
Project("{FAE04EC0-301F-11D3-BF4B-00C04F79EFBC}") = "Pattern.Aspect", "Aspect\src\Pattern.Aspect.csproj", "{1C0326BD-6041-4DD2-8E36-C7B8BC27CA16}"
EndProject
Project("{FAE04EC0-301F-11D3-BF4B-00C04F79EFBC}") = "Pattern.Aspect.Integration.Testing", "Aspect\tests\Pattern.Aspect.Integration.Testing\Pattern.Aspect.Integration.Testing.csproj", "{97DC8A50-F415-4F2E-BABC-5EEC80FD5A54}"
EndProject
Project("{2150E333-8FDC-42A3-9474-1A3956D46DE8}") = "Patterns", "Patterns", "{7F93B9BF-2369-41BA-B5BA-9D620E2B5554}"
EndProject
Project("{2150E333-8FDC-42A3-9474-1A3956D46DE8}") = "Aspect", "Aspect", "{E750937B-5574-48FC-90B1-D5C98558D6C2}"
EndProject
Project("{2150E333-8FDC-42A3-9474-1A3956D46DE8}") = "tests", "tests", "{5097610B-BD8C-481D-A754-DC6958E78AC9}"
EndProject
Project("{2150E333-8FDC-42A3-9474-1A3956D46DE8}") = "Adapter", "Adapter", "{ED6687E3-A062-48F7-B478-14330FAEF179}"
EndProject
Project("{FAE04EC0-301F-11D3-BF4B-00C04F79EFBC}") = "Pattern.Adapter", "Adapter\src\Pattern.Adapter.csproj", "{12E5A10F-D84E-4FA5-9DDB-24EE97AEC704}"
EndProject
Project("{2150E333-8FDC-42A3-9474-1A3956D46DE8}") = "tests", "tests", "{1895381A-DE52-4D1D-AE70-16BF478CCEE4}"
EndProject
Project("{FAE04EC0-301F-11D3-BF4B-00C04F79EFBC}") = "Pattern.Aspect.Integration.Testing", "Aspect\tests\Pattern.Aspect.Integration.Testing\Pattern.Aspect.Integration.Testing.csproj", "{7E90DFFD-035E-4DAF-9E24-6E42A4465B7E}"
EndProject
Project("{2150E333-8FDC-42A3-9474-1A3956D46DE8}") = "Chain Of Responsibility", "Chain Of Responsibility", "{A2CC829D-AC5C-4205-92BE-49E2C8B834C9}"
EndProject
Project("{2150E333-8FDC-42A3-9474-1A3956D46DE8}") = "tests", "tests", "{5903AA23-89CC-496A-9415-EBAFE7BB06B2}"
EndProject
Project("{FAE04EC0-301F-11D3-BF4B-00C04F79EFBC}") = "Chain.Of.Responsibility", "Chain.Of.Responsibility\src\Chain.Of.Responsibility.csproj", "{1AEAD4C9-18EB-496F-AC66-58670A289EF6}"
EndProject
Project("{FAE04EC0-301F-11D3-BF4B-00C04F79EFBC}") = "Chain.Of.Responsibility.Unit.Testing", "Chain.Of.Responsibility\tests\Chain.Of.Responsibility.Unit.Testing\Chain.Of.Responsibility.Unit.Testing.csproj", "{72A96C10-1242-4211-AE34-28567D37B022}"
EndProject
Project("{2150E333-8FDC-42A3-9474-1A3956D46DE8}") = "Facade", "Facade", "{E3E92347-F2BD-45A1-8D47-18B514357963}"
EndProject
Project("{2150E333-8FDC-42A3-9474-1A3956D46DE8}") = "tests", "tests", "{C4F9F62B-FA0A-4C32-A87F-7CE101537276}"
EndProject
Project("{FAE04EC0-301F-11D3-BF4B-00C04F79EFBC}") = "Pattern.Facade", "Facade\src\Pattern.Facade.csproj", "{99480274-11B1-476A-A096-2BA67EA568FD}"
EndProject
Project("{FAE04EC0-301F-11D3-BF4B-00C04F79EFBC}") = "Pattern.Facade.Unit.Tests", "Facade\tests\Pattern.Facade.Unit.Tests\Pattern.Facade.Unit.Tests.csproj", "{8FCAD0DB-8E0E-49A7-8CC4-FF9C8C8D5820}"
EndProject
Project("{2150E333-8FDC-42A3-9474-1A3956D46DE8}") = "Functional Programming", "Functional Programming", "{01B9532D-28FC-4949-BCB4-FD320CD931C5}"
EndProject
Project("{2150E333-8FDC-42A3-9474-1A3956D46DE8}") = "tests", "tests", "{A3ECA3EC-C1E1-4A87-A383-81A4DAE30DA9}"
EndProject
Project("{FAE04EC0-301F-11D3-BF4B-00C04F79EFBC}") = "Pattern.Functional.Programming", "Functional.Programming\Either\src\Pattern.Functional.Programming.csproj", "{C2236C59-380F-47EE-A11D-C1F563CDDD52}"
EndProject
Project("{FAE04EC0-301F-11D3-BF4B-00C04F79EFBC}") = "Pattern.Functional.Programming.Unit.Testing", "Functional.Programming\Either\tests\Pattern.Functional.Programming.Unit.Testing\Pattern.Functional.Programming.Unit.Testing.csproj", "{11ED2B9D-6BDA-4D4B-ACB4-74407B77FA77}"
EndProject
Project("{2150E333-8FDC-42A3-9474-1A3956D46DE8}") = "Options", "Options", "{3EE1FF85-D571-4E80-A3FC-8BCE45F224E3}"
EndProject
Project("{2150E333-8FDC-42A3-9474-1A3956D46DE8}") = "tests", "tests", "{E5B523BE-2A68-4B5B-BA70-303F4522BC22}"
EndProject
Project("{FAE04EC0-301F-11D3-BF4B-00C04F79EFBC}") = "Pattern.Options.Validation", "Options\src\Pattern.Options.Validation.csproj", "{248F59B4-B7CF-491F-9D52-898E844D1E3D}"
EndProject
Project("{FAE04EC0-301F-11D3-BF4B-00C04F79EFBC}") = "Pattern.Options.Validation.Unit.Testing", "Options\tests\Pattern.Options.Validation.Unit.Testing\Pattern.Options.Validation.Unit.Testing.csproj", "{E7829860-12A0-4730-A446-465494D1B286}"
EndProject
Project("{2150E333-8FDC-42A3-9474-1A3956D46DE8}") = "Repository", "Repository", "{2BFFA9FF-AA70-4CDC-94F7-6C222E70F003}"
EndProject
Project("{2150E333-8FDC-42A3-9474-1A3956D46DE8}") = "tests", "tests", "{C176BFE0-1E91-4F27-855B-BC2969A59659}"
EndProject
Project("{FAE04EC0-301F-11D3-BF4B-00C04F79EFBC}") = "Pattern.Repository", "Repository\src\Pattern.Repository.csproj", "{269D2791-50B7-49BC-A9D9-CB89264DC917}"
EndProject
Project("{FAE04EC0-301F-11D3-BF4B-00C04F79EFBC}") = "Pattern.Repository.Unit.Tests", "Repository\tests\Pattern.Repository.Unit.Tests\Pattern.Repository.Unit.Tests.csproj", "{3C6D242D-A995-4037-8B4B-5554F7166E1E}"
EndProject
Project("{2150E333-8FDC-42A3-9474-1A3956D46DE8}") = "Saga", "Saga", "{F5077116-2095-4037-838F-86765EBBA1AC}"
EndProject
Project("{2150E333-8FDC-42A3-9474-1A3956D46DE8}") = "tests", "tests", "{724FBDBA-EE71-408E-8C9B-AE5B7F60E374}"
EndProject
Project("{FAE04EC0-301F-11D3-BF4B-00C04F79EFBC}") = "Pattern.Saga.Application", "Saga\src\Pattern.Saga.Application\Pattern.Saga.Application.csproj", "{80FE8FA3-A53A-4B6A-A23E-2FE16A18B1CF}"
EndProject
Project("{FAE04EC0-301F-11D3-BF4B-00C04F79EFBC}") = "Pattern.Saga.Domain", "Saga\src\Pattern.Saga.Domain\Pattern.Saga.Domain.csproj", "{ABD602DF-4EE0-4B3C-AE9E-9DB569E26544}"
EndProject
Project("{FAE04EC0-301F-11D3-BF4B-00C04F79EFBC}") = "Pattern.Saga.Web.Api", "Saga\src\Pattern.Saga.Web.Api\Pattern.Saga.Web.Api.csproj", "{3C8AB1D1-74DB-4558-9D54-65F5BD849149}"
EndProject
Project("{FAE04EC0-301F-11D3-BF4B-00C04F79EFBC}") = "Pattern.Saga.Integration.Testing", "Saga\tests\Pattern.Saga.Integration.Testing\Pattern.Saga.Integration.Testing.csproj", "{06D69919-2A34-403E-B7E9-E4D49BD4F64D}"
EndProject
Project("{2150E333-8FDC-42A3-9474-1A3956D46DE8}") = "GraphQL", "GraphQL", "{76A8B3C1-5EC6-442D-8D34-6902A0528A13}"
EndProject
Project("{FAE04EC0-301F-11D3-BF4B-00C04F79EFBC}") = "GraphQL.Api", "GraphQL\GraphQL.Api\GraphQL.Api.csproj", "{5DE71622-5A6D-4F16-977C-BA6C65398106}"
EndProject
Project("{2150E333-8FDC-42A3-9474-1A3956D46DE8}") = "Writing Testing", "Writing Testing", "{54C1E002-48F0-45AB-A416-9F353C9FCB5E}"
EndProject
Project("{2150E333-8FDC-42A3-9474-1A3956D46DE8}") = "Writing Integration testing with Docker", "Writing Integration testing with Docker", "{3E17C46F-A498-4C95-99A3-E60A45F896D4}"
EndProject
Project("{2150E333-8FDC-42A3-9474-1A3956D46DE8}") = "Writing Test for Architecture", "Writing Test for Architecture", "{DD7E8A0E-2807-4E8F-95CC-64F986B023F5}"
EndProject
Project("{FAE04EC0-301F-11D3-BF4B-00C04F79EFBC}") = "Writing.Integration.Testing.With.Docker.Integration.Testing", "Testing\Writing.Integration.Testing.With.Docker.Integration.Testing\Writing.Integration.Testing.With.Docker.Integration.Testing.csproj", "{22A85867-0547-4A5E-B138-8A1553B13C2A}"
EndProject
Project("{FAE04EC0-301F-11D3-BF4B-00C04F79EFBC}") = "Api", "Architecture\src\Api\Api.csproj", "{CAFC911C-9627-47CD-BC27-008FB33DC409}"
EndProject
Project("{FAE04EC0-301F-11D3-BF4B-00C04F79EFBC}") = "Application", "Architecture\src\Application\Application.csproj", "{D09A542C-D0A2-4B21-80AC-BAF6B30CEA4A}"
EndProject
Project("{FAE04EC0-301F-11D3-BF4B-00C04F79EFBC}") = "Domain", "Architecture\src\Domain\Domain.csproj", "{8837E758-995D-4EC6-B560-AD0A8E83C624}"
EndProject
Project("{FAE04EC0-301F-11D3-BF4B-00C04F79EFBC}") = "Infrastructure", "Architecture\src\Infrastructure\Infrastructure.csproj", "{D474379C-8014-4F4D-9FE7-4658D59B684B}"
EndProject
Project("{2150E333-8FDC-42A3-9474-1A3956D46DE8}") = "tests", "tests", "{C092DCBD-6D54-490A-B170-FF932EFA979B}"
EndProject
Project("{FAE04EC0-301F-11D3-BF4B-00C04F79EFBC}") = "Writing.Architecture.Unit.Tests", "Architecture\tests\Writing.Architecture.Unit.Tests\Writing.Architecture.Unit.Tests.csproj", "{723C62DD-F2F6-438C-B33D-5EE1470B337F}"
EndProject
Global
	GlobalSection(SolutionConfigurationPlatforms) = preSolution
		Debug|Any CPU = Debug|Any CPU
		Release|Any CPU = Release|Any CPU
	EndGlobalSection
	GlobalSection(ProjectConfigurationPlatforms) = postSolution
		{1C0326BD-6041-4DD2-8E36-C7B8BC27CA16}.Debug|Any CPU.ActiveCfg = Debug|Any CPU
		{1C0326BD-6041-4DD2-8E36-C7B8BC27CA16}.Debug|Any CPU.Build.0 = Debug|Any CPU
		{1C0326BD-6041-4DD2-8E36-C7B8BC27CA16}.Release|Any CPU.ActiveCfg = Release|Any CPU
		{1C0326BD-6041-4DD2-8E36-C7B8BC27CA16}.Release|Any CPU.Build.0 = Release|Any CPU
		{97DC8A50-F415-4F2E-BABC-5EEC80FD5A54}.Debug|Any CPU.ActiveCfg = Debug|Any CPU
		{97DC8A50-F415-4F2E-BABC-5EEC80FD5A54}.Debug|Any CPU.Build.0 = Debug|Any CPU
		{97DC8A50-F415-4F2E-BABC-5EEC80FD5A54}.Release|Any CPU.ActiveCfg = Release|Any CPU
		{97DC8A50-F415-4F2E-BABC-5EEC80FD5A54}.Release|Any CPU.Build.0 = Release|Any CPU
		{12E5A10F-D84E-4FA5-9DDB-24EE97AEC704}.Debug|Any CPU.ActiveCfg = Debug|Any CPU
		{12E5A10F-D84E-4FA5-9DDB-24EE97AEC704}.Debug|Any CPU.Build.0 = Debug|Any CPU
		{12E5A10F-D84E-4FA5-9DDB-24EE97AEC704}.Release|Any CPU.ActiveCfg = Release|Any CPU
		{12E5A10F-D84E-4FA5-9DDB-24EE97AEC704}.Release|Any CPU.Build.0 = Release|Any CPU
		{7E90DFFD-035E-4DAF-9E24-6E42A4465B7E}.Debug|Any CPU.ActiveCfg = Debug|Any CPU
		{7E90DFFD-035E-4DAF-9E24-6E42A4465B7E}.Debug|Any CPU.Build.0 = Debug|Any CPU
		{7E90DFFD-035E-4DAF-9E24-6E42A4465B7E}.Release|Any CPU.ActiveCfg = Release|Any CPU
		{7E90DFFD-035E-4DAF-9E24-6E42A4465B7E}.Release|Any CPU.Build.0 = Release|Any CPU
		{1AEAD4C9-18EB-496F-AC66-58670A289EF6}.Debug|Any CPU.ActiveCfg = Debug|Any CPU
		{1AEAD4C9-18EB-496F-AC66-58670A289EF6}.Debug|Any CPU.Build.0 = Debug|Any CPU
		{1AEAD4C9-18EB-496F-AC66-58670A289EF6}.Release|Any CPU.ActiveCfg = Release|Any CPU
		{1AEAD4C9-18EB-496F-AC66-58670A289EF6}.Release|Any CPU.Build.0 = Release|Any CPU
		{72A96C10-1242-4211-AE34-28567D37B022}.Debug|Any CPU.ActiveCfg = Debug|Any CPU
		{72A96C10-1242-4211-AE34-28567D37B022}.Debug|Any CPU.Build.0 = Debug|Any CPU
		{72A96C10-1242-4211-AE34-28567D37B022}.Release|Any CPU.ActiveCfg = Release|Any CPU
		{72A96C10-1242-4211-AE34-28567D37B022}.Release|Any CPU.Build.0 = Release|Any CPU
		{99480274-11B1-476A-A096-2BA67EA568FD}.Debug|Any CPU.ActiveCfg = Debug|Any CPU
		{99480274-11B1-476A-A096-2BA67EA568FD}.Debug|Any CPU.Build.0 = Debug|Any CPU
		{99480274-11B1-476A-A096-2BA67EA568FD}.Release|Any CPU.ActiveCfg = Release|Any CPU
		{99480274-11B1-476A-A096-2BA67EA568FD}.Release|Any CPU.Build.0 = Release|Any CPU
		{8FCAD0DB-8E0E-49A7-8CC4-FF9C8C8D5820}.Debug|Any CPU.ActiveCfg = Debug|Any CPU
		{8FCAD0DB-8E0E-49A7-8CC4-FF9C8C8D5820}.Debug|Any CPU.Build.0 = Debug|Any CPU
		{8FCAD0DB-8E0E-49A7-8CC4-FF9C8C8D5820}.Release|Any CPU.ActiveCfg = Release|Any CPU
		{8FCAD0DB-8E0E-49A7-8CC4-FF9C8C8D5820}.Release|Any CPU.Build.0 = Release|Any CPU
		{C2236C59-380F-47EE-A11D-C1F563CDDD52}.Debug|Any CPU.ActiveCfg = Debug|Any CPU
		{C2236C59-380F-47EE-A11D-C1F563CDDD52}.Debug|Any CPU.Build.0 = Debug|Any CPU
		{C2236C59-380F-47EE-A11D-C1F563CDDD52}.Release|Any CPU.ActiveCfg = Release|Any CPU
		{C2236C59-380F-47EE-A11D-C1F563CDDD52}.Release|Any CPU.Build.0 = Release|Any CPU
		{11ED2B9D-6BDA-4D4B-ACB4-74407B77FA77}.Debug|Any CPU.ActiveCfg = Debug|Any CPU
		{11ED2B9D-6BDA-4D4B-ACB4-74407B77FA77}.Debug|Any CPU.Build.0 = Debug|Any CPU
		{11ED2B9D-6BDA-4D4B-ACB4-74407B77FA77}.Release|Any CPU.ActiveCfg = Release|Any CPU
		{11ED2B9D-6BDA-4D4B-ACB4-74407B77FA77}.Release|Any CPU.Build.0 = Release|Any CPU
		{248F59B4-B7CF-491F-9D52-898E844D1E3D}.Debug|Any CPU.ActiveCfg = Debug|Any CPU
		{248F59B4-B7CF-491F-9D52-898E844D1E3D}.Debug|Any CPU.Build.0 = Debug|Any CPU
		{248F59B4-B7CF-491F-9D52-898E844D1E3D}.Release|Any CPU.ActiveCfg = Release|Any CPU
		{248F59B4-B7CF-491F-9D52-898E844D1E3D}.Release|Any CPU.Build.0 = Release|Any CPU
		{E7829860-12A0-4730-A446-465494D1B286}.Debug|Any CPU.ActiveCfg = Debug|Any CPU
		{E7829860-12A0-4730-A446-465494D1B286}.Debug|Any CPU.Build.0 = Debug|Any CPU
		{E7829860-12A0-4730-A446-465494D1B286}.Release|Any CPU.ActiveCfg = Release|Any CPU
		{E7829860-12A0-4730-A446-465494D1B286}.Release|Any CPU.Build.0 = Release|Any CPU
		{269D2791-50B7-49BC-A9D9-CB89264DC917}.Debug|Any CPU.ActiveCfg = Debug|Any CPU
		{269D2791-50B7-49BC-A9D9-CB89264DC917}.Debug|Any CPU.Build.0 = Debug|Any CPU
		{269D2791-50B7-49BC-A9D9-CB89264DC917}.Release|Any CPU.ActiveCfg = Release|Any CPU
		{269D2791-50B7-49BC-A9D9-CB89264DC917}.Release|Any CPU.Build.0 = Release|Any CPU
		{3C6D242D-A995-4037-8B4B-5554F7166E1E}.Debug|Any CPU.ActiveCfg = Debug|Any CPU
		{3C6D242D-A995-4037-8B4B-5554F7166E1E}.Debug|Any CPU.Build.0 = Debug|Any CPU
		{3C6D242D-A995-4037-8B4B-5554F7166E1E}.Release|Any CPU.ActiveCfg = Release|Any CPU
		{3C6D242D-A995-4037-8B4B-5554F7166E1E}.Release|Any CPU.Build.0 = Release|Any CPU
		{80FE8FA3-A53A-4B6A-A23E-2FE16A18B1CF}.Debug|Any CPU.ActiveCfg = Debug|Any CPU
		{80FE8FA3-A53A-4B6A-A23E-2FE16A18B1CF}.Debug|Any CPU.Build.0 = Debug|Any CPU
		{80FE8FA3-A53A-4B6A-A23E-2FE16A18B1CF}.Release|Any CPU.ActiveCfg = Release|Any CPU
		{80FE8FA3-A53A-4B6A-A23E-2FE16A18B1CF}.Release|Any CPU.Build.0 = Release|Any CPU
		{ABD602DF-4EE0-4B3C-AE9E-9DB569E26544}.Debug|Any CPU.ActiveCfg = Debug|Any CPU
		{ABD602DF-4EE0-4B3C-AE9E-9DB569E26544}.Debug|Any CPU.Build.0 = Debug|Any CPU
		{ABD602DF-4EE0-4B3C-AE9E-9DB569E26544}.Release|Any CPU.ActiveCfg = Release|Any CPU
		{ABD602DF-4EE0-4B3C-AE9E-9DB569E26544}.Release|Any CPU.Build.0 = Release|Any CPU
		{3C8AB1D1-74DB-4558-9D54-65F5BD849149}.Debug|Any CPU.ActiveCfg = Debug|Any CPU
		{3C8AB1D1-74DB-4558-9D54-65F5BD849149}.Debug|Any CPU.Build.0 = Debug|Any CPU
		{3C8AB1D1-74DB-4558-9D54-65F5BD849149}.Release|Any CPU.ActiveCfg = Release|Any CPU
		{3C8AB1D1-74DB-4558-9D54-65F5BD849149}.Release|Any CPU.Build.0 = Release|Any CPU
		{06D69919-2A34-403E-B7E9-E4D49BD4F64D}.Debug|Any CPU.ActiveCfg = Debug|Any CPU
		{06D69919-2A34-403E-B7E9-E4D49BD4F64D}.Debug|Any CPU.Build.0 = Debug|Any CPU
		{06D69919-2A34-403E-B7E9-E4D49BD4F64D}.Release|Any CPU.ActiveCfg = Release|Any CPU
		{06D69919-2A34-403E-B7E9-E4D49BD4F64D}.Release|Any CPU.Build.0 = Release|Any CPU
		{5DE71622-5A6D-4F16-977C-BA6C65398106}.Debug|Any CPU.ActiveCfg = Debug|Any CPU
		{5DE71622-5A6D-4F16-977C-BA6C65398106}.Debug|Any CPU.Build.0 = Debug|Any CPU
		{5DE71622-5A6D-4F16-977C-BA6C65398106}.Release|Any CPU.ActiveCfg = Release|Any CPU
		{5DE71622-5A6D-4F16-977C-BA6C65398106}.Release|Any CPU.Build.0 = Release|Any CPU
		{22A85867-0547-4A5E-B138-8A1553B13C2A}.Debug|Any CPU.ActiveCfg = Debug|Any CPU
		{22A85867-0547-4A5E-B138-8A1553B13C2A}.Debug|Any CPU.Build.0 = Debug|Any CPU
		{22A85867-0547-4A5E-B138-8A1553B13C2A}.Release|Any CPU.ActiveCfg = Release|Any CPU
		{22A85867-0547-4A5E-B138-8A1553B13C2A}.Release|Any CPU.Build.0 = Release|Any CPU
		{CAFC911C-9627-47CD-BC27-008FB33DC409}.Debug|Any CPU.ActiveCfg = Debug|Any CPU
		{CAFC911C-9627-47CD-BC27-008FB33DC409}.Debug|Any CPU.Build.0 = Debug|Any CPU
		{CAFC911C-9627-47CD-BC27-008FB33DC409}.Release|Any CPU.ActiveCfg = Release|Any CPU
		{CAFC911C-9627-47CD-BC27-008FB33DC409}.Release|Any CPU.Build.0 = Release|Any CPU
		{D09A542C-D0A2-4B21-80AC-BAF6B30CEA4A}.Debug|Any CPU.ActiveCfg = Debug|Any CPU
		{D09A542C-D0A2-4B21-80AC-BAF6B30CEA4A}.Debug|Any CPU.Build.0 = Debug|Any CPU
		{D09A542C-D0A2-4B21-80AC-BAF6B30CEA4A}.Release|Any CPU.ActiveCfg = Release|Any CPU
		{D09A542C-D0A2-4B21-80AC-BAF6B30CEA4A}.Release|Any CPU.Build.0 = Release|Any CPU
		{8837E758-995D-4EC6-B560-AD0A8E83C624}.Debug|Any CPU.ActiveCfg = Debug|Any CPU
		{8837E758-995D-4EC6-B560-AD0A8E83C624}.Debug|Any CPU.Build.0 = Debug|Any CPU
		{8837E758-995D-4EC6-B560-AD0A8E83C624}.Release|Any CPU.ActiveCfg = Release|Any CPU
		{8837E758-995D-4EC6-B560-AD0A8E83C624}.Release|Any CPU.Build.0 = Release|Any CPU
		{D474379C-8014-4F4D-9FE7-4658D59B684B}.Debug|Any CPU.ActiveCfg = Debug|Any CPU
		{D474379C-8014-4F4D-9FE7-4658D59B684B}.Debug|Any CPU.Build.0 = Debug|Any CPU
		{D474379C-8014-4F4D-9FE7-4658D59B684B}.Release|Any CPU.ActiveCfg = Release|Any CPU
		{D474379C-8014-4F4D-9FE7-4658D59B684B}.Release|Any CPU.Build.0 = Release|Any CPU
		{723C62DD-F2F6-438C-B33D-5EE1470B337F}.Debug|Any CPU.ActiveCfg = Debug|Any CPU
		{723C62DD-F2F6-438C-B33D-5EE1470B337F}.Debug|Any CPU.Build.0 = Debug|Any CPU
		{723C62DD-F2F6-438C-B33D-5EE1470B337F}.Release|Any CPU.ActiveCfg = Release|Any CPU
		{723C62DD-F2F6-438C-B33D-5EE1470B337F}.Release|Any CPU.Build.0 = Release|Any CPU
	EndGlobalSection
	GlobalSection(NestedProjects) = preSolution
		{E750937B-5574-48FC-90B1-D5C98558D6C2} = {7F93B9BF-2369-41BA-B5BA-9D620E2B5554}
		{1C0326BD-6041-4DD2-8E36-C7B8BC27CA16} = {E750937B-5574-48FC-90B1-D5C98558D6C2}
		{5097610B-BD8C-481D-A754-DC6958E78AC9} = {E750937B-5574-48FC-90B1-D5C98558D6C2}
		{97DC8A50-F415-4F2E-BABC-5EEC80FD5A54} = {5097610B-BD8C-481D-A754-DC6958E78AC9}
		{ED6687E3-A062-48F7-B478-14330FAEF179} = {7F93B9BF-2369-41BA-B5BA-9D620E2B5554}
		{12E5A10F-D84E-4FA5-9DDB-24EE97AEC704} = {ED6687E3-A062-48F7-B478-14330FAEF179}
		{1895381A-DE52-4D1D-AE70-16BF478CCEE4} = {ED6687E3-A062-48F7-B478-14330FAEF179}
		{7E90DFFD-035E-4DAF-9E24-6E42A4465B7E} = {1895381A-DE52-4D1D-AE70-16BF478CCEE4}
		{A2CC829D-AC5C-4205-92BE-49E2C8B834C9} = {7F93B9BF-2369-41BA-B5BA-9D620E2B5554}
		{5903AA23-89CC-496A-9415-EBAFE7BB06B2} = {A2CC829D-AC5C-4205-92BE-49E2C8B834C9}
		{1AEAD4C9-18EB-496F-AC66-58670A289EF6} = {A2CC829D-AC5C-4205-92BE-49E2C8B834C9}
		{72A96C10-1242-4211-AE34-28567D37B022} = {5903AA23-89CC-496A-9415-EBAFE7BB06B2}
		{E3E92347-F2BD-45A1-8D47-18B514357963} = {7F93B9BF-2369-41BA-B5BA-9D620E2B5554}
		{C4F9F62B-FA0A-4C32-A87F-7CE101537276} = {E3E92347-F2BD-45A1-8D47-18B514357963}
		{99480274-11B1-476A-A096-2BA67EA568FD} = {E3E92347-F2BD-45A1-8D47-18B514357963}
		{8FCAD0DB-8E0E-49A7-8CC4-FF9C8C8D5820} = {C4F9F62B-FA0A-4C32-A87F-7CE101537276}
		{01B9532D-28FC-4949-BCB4-FD320CD931C5} = {7F93B9BF-2369-41BA-B5BA-9D620E2B5554}
		{A3ECA3EC-C1E1-4A87-A383-81A4DAE30DA9} = {01B9532D-28FC-4949-BCB4-FD320CD931C5}
		{C2236C59-380F-47EE-A11D-C1F563CDDD52} = {01B9532D-28FC-4949-BCB4-FD320CD931C5}
		{11ED2B9D-6BDA-4D4B-ACB4-74407B77FA77} = {A3ECA3EC-C1E1-4A87-A383-81A4DAE30DA9}
		{3EE1FF85-D571-4E80-A3FC-8BCE45F224E3} = {7F93B9BF-2369-41BA-B5BA-9D620E2B5554}
		{E5B523BE-2A68-4B5B-BA70-303F4522BC22} = {3EE1FF85-D571-4E80-A3FC-8BCE45F224E3}
		{248F59B4-B7CF-491F-9D52-898E844D1E3D} = {3EE1FF85-D571-4E80-A3FC-8BCE45F224E3}
		{E7829860-12A0-4730-A446-465494D1B286} = {E5B523BE-2A68-4B5B-BA70-303F4522BC22}
		{2BFFA9FF-AA70-4CDC-94F7-6C222E70F003} = {7F93B9BF-2369-41BA-B5BA-9D620E2B5554}
		{C176BFE0-1E91-4F27-855B-BC2969A59659} = {2BFFA9FF-AA70-4CDC-94F7-6C222E70F003}
		{269D2791-50B7-49BC-A9D9-CB89264DC917} = {2BFFA9FF-AA70-4CDC-94F7-6C222E70F003}
		{3C6D242D-A995-4037-8B4B-5554F7166E1E} = {C176BFE0-1E91-4F27-855B-BC2969A59659}
		{F5077116-2095-4037-838F-86765EBBA1AC} = {7F93B9BF-2369-41BA-B5BA-9D620E2B5554}
		{724FBDBA-EE71-408E-8C9B-AE5B7F60E374} = {F5077116-2095-4037-838F-86765EBBA1AC}
		{80FE8FA3-A53A-4B6A-A23E-2FE16A18B1CF} = {F5077116-2095-4037-838F-86765EBBA1AC}
		{ABD602DF-4EE0-4B3C-AE9E-9DB569E26544} = {F5077116-2095-4037-838F-86765EBBA1AC}
		{3C8AB1D1-74DB-4558-9D54-65F5BD849149} = {F5077116-2095-4037-838F-86765EBBA1AC}
		{06D69919-2A34-403E-B7E9-E4D49BD4F64D} = {724FBDBA-EE71-408E-8C9B-AE5B7F60E374}
		{5DE71622-5A6D-4F16-977C-BA6C65398106} = {76A8B3C1-5EC6-442D-8D34-6902A0528A13}
		{3E17C46F-A498-4C95-99A3-E60A45F896D4} = {54C1E002-48F0-45AB-A416-9F353C9FCB5E}
		{DD7E8A0E-2807-4E8F-95CC-64F986B023F5} = {54C1E002-48F0-45AB-A416-9F353C9FCB5E}
		{22A85867-0547-4A5E-B138-8A1553B13C2A} = {3E17C46F-A498-4C95-99A3-E60A45F896D4}
		{CAFC911C-9627-47CD-BC27-008FB33DC409} = {DD7E8A0E-2807-4E8F-95CC-64F986B023F5}
		{D09A542C-D0A2-4B21-80AC-BAF6B30CEA4A} = {DD7E8A0E-2807-4E8F-95CC-64F986B023F5}
		{8837E758-995D-4EC6-B560-AD0A8E83C624} = {DD7E8A0E-2807-4E8F-95CC-64F986B023F5}
		{D474379C-8014-4F4D-9FE7-4658D59B684B} = {DD7E8A0E-2807-4E8F-95CC-64F986B023F5}
		{C092DCBD-6D54-490A-B170-FF932EFA979B} = {DD7E8A0E-2807-4E8F-95CC-64F986B023F5}
		{723C62DD-F2F6-438C-B33D-5EE1470B337F} = {C092DCBD-6D54-490A-B170-FF932EFA979B}
	EndGlobalSection
EndGlobal
