
Microsoft Visual Studio Solution File, Format Version 12.00
Project("{2150E333-8FDC-42A3-9474-1A3956D46DE8}") = "Patterns", "Patterns", "{7F93B9BF-2369-41BA-B5BA-9D620E2B5554}"
EndProject
Project("{FAE04EC0-301F-11D3-BF4B-00C04F79EFBC}") = "Writing.Integration.Testing.With.Docker.Integration.Testing", "Testing\Writing.Integration.Testing.With.Docker.Integration.Testing\Writing.Integration.Testing.With.Docker.Integration.Testing.csproj", "{2B7A1255-618F-4D89-A6CC-28F8D6590A5E}"
EndProject
Project("{2150E333-8FDC-42A3-9474-1A3956D46DE8}") = "Writing Integration testing with Docker", "Writing Integration testing with Docker", "{A473008B-3803-43D3-BAA3-817C04BFA7FA}"
EndProject
Global
	GlobalSection(SolutionConfigurationPlatforms) = preSolution
		Debug|Any CPU = Debug|Any CPU
		Release|Any CPU = Release|Any CPU
	EndGlobalSection
	GlobalSection(ProjectConfigurationPlatforms) = postSolution
		{2B7A1255-618F-4D89-A6CC-28F8D6590A5E}.Debug|Any CPU.ActiveCfg = Debug|Any CPU
		{2B7A1255-618F-4D89-A6CC-28F8D6590A5E}.Debug|Any CPU.Build.0 = Debug|Any CPU
		{2B7A1255-618F-4D89-A6CC-28F8D6590A5E}.Release|Any CPU.ActiveCfg = Release|Any CPU
		{2B7A1255-618F-4D89-A6CC-28F8D6590A5E}.Release|Any CPU.Build.0 = Release|Any CPU
	EndGlobalSection
	GlobalSection(NestedProjects) = preSolution
		{2B7A1255-618F-4D89-A6CC-28F8D6590A5E} = {A473008B-3803-43D3-BAA3-817C04BFA7FA}
	EndGlobalSection
EndGlobal
