
Microsoft Visual Studio Solution File, Format Version 12.00
Project("{2150E333-8FDC-42A3-9474-1A3956D46DE8}") = "Patterns", "Patterns", "{7F93B9BF-2369-41BA-B5BA-9D620E2B5554}"
EndProject
Project("{FAE04EC0-301F-11D3-BF4B-00C04F79EFBC}") = "Writing.Integration.Testing.With.Docker.Integration.Testing", "Testing\Writing.Integration.Testing.With.Docker.Integration.Testing\Writing.Integration.Testing.With.Docker.Integration.Testing.csproj", "{2B7A1255-618F-4D89-A6CC-28F8D6590A5E}"
EndProject
Project("{2150E333-8FDC-42A3-9474-1A3956D46DE8}") = "Writing Integration testing with Docker", "Writing Integration testing with Docker", "{A473008B-3803-43D3-BAA3-817C04BFA7FA}"
EndProject
Project("{2150E333-8FDC-42A3-9474-1A3956D46DE8}") = "Writing Test for Architecture", "Writing Test for Architecture", "{350C6046-7B5B-4973-95C4-C4A1A8575DF3}"
EndProject
Project("{FAE04EC0-301F-11D3-BF4B-00C04F79EFBC}") = "Api", "Architecture\src\Api\Api.csproj", "{846E309E-D51E-4128-B05C-2C721C218F83}"
EndProject
Project("{FAE04EC0-301F-11D3-BF4B-00C04F79EFBC}") = "Application", "Architecture\src\Application\Application.csproj", "{AAFA7EE5-E246-424E-8216-486B336A5EA4}"
EndProject
Project("{FAE04EC0-301F-11D3-BF4B-00C04F79EFBC}") = "Domain", "Architecture\src\Domain\Domain.csproj", "{A12F1B87-DF74-44CC-935B-2F67C52F9CB1}"
EndProject
Project("{FAE04EC0-301F-11D3-BF4B-00C04F79EFBC}") = "Infrastructure", "Architecture\src\Infrastructure\Infrastructure.csproj", "{EA75F962-3AB6-489B-8C67-F9DFE2B497F1}"
EndProject
Project("{2150E333-8FDC-42A3-9474-1A3956D46DE8}") = "tests", "tests", "{78E85F0F-12AB-4741-B8F0-A08992ED3EE9}"
EndProject
Project("{FAE04EC0-301F-11D3-BF4B-00C04F79EFBC}") = "Writing.Architecture.Unit.Tests", "Architecture\tests\Writing.Architecture.Unit.Tests\Writing.Architecture.Unit.Tests.csproj", "{A3542059-ECDA-47FB-895F-FF4175BAAA5F}"
EndProject
Global
	GlobalSection(SolutionConfigurationPlatforms) = preSolution
		Debug|Any CPU = Debug|Any CPU
		Release|Any CPU = Release|Any CPU
	EndGlobalSection
	GlobalSection(ProjectConfigurationPlatforms) = postSolution
		{2B7A1255-618F-4D89-A6CC-28F8D6590A5E}.Debug|Any CPU.ActiveCfg = Debug|Any CPU
		{2B7A1255-618F-4D89-A6CC-28F8D6590A5E}.Debug|Any CPU.Build.0 = Debug|Any CPU
		{2B7A1255-618F-4D89-A6CC-28F8D6590A5E}.Release|Any CPU.ActiveCfg = Release|Any CPU
		{2B7A1255-618F-4D89-A6CC-28F8D6590A5E}.Release|Any CPU.Build.0 = Release|Any CPU
		{846E309E-D51E-4128-B05C-2C721C218F83}.Debug|Any CPU.ActiveCfg = Debug|Any CPU
		{846E309E-D51E-4128-B05C-2C721C218F83}.Debug|Any CPU.Build.0 = Debug|Any CPU
		{846E309E-D51E-4128-B05C-2C721C218F83}.Release|Any CPU.ActiveCfg = Release|Any CPU
		{846E309E-D51E-4128-B05C-2C721C218F83}.Release|Any CPU.Build.0 = Release|Any CPU
		{AAFA7EE5-E246-424E-8216-486B336A5EA4}.Debug|Any CPU.ActiveCfg = Debug|Any CPU
		{AAFA7EE5-E246-424E-8216-486B336A5EA4}.Debug|Any CPU.Build.0 = Debug|Any CPU
		{AAFA7EE5-E246-424E-8216-486B336A5EA4}.Release|Any CPU.ActiveCfg = Release|Any CPU
		{AAFA7EE5-E246-424E-8216-486B336A5EA4}.Release|Any CPU.Build.0 = Release|Any CPU
		{A12F1B87-DF74-44CC-935B-2F67C52F9CB1}.Debug|Any CPU.ActiveCfg = Debug|Any CPU
		{A12F1B87-DF74-44CC-935B-2F67C52F9CB1}.Debug|Any CPU.Build.0 = Debug|Any CPU
		{A12F1B87-DF74-44CC-935B-2F67C52F9CB1}.Release|Any CPU.ActiveCfg = Release|Any CPU
		{A12F1B87-DF74-44CC-935B-2F67C52F9CB1}.Release|Any CPU.Build.0 = Release|Any CPU
		{EA75F962-3AB6-489B-8C67-F9DFE2B497F1}.Debug|Any CPU.ActiveCfg = Debug|Any CPU
		{EA75F962-3AB6-489B-8C67-F9DFE2B497F1}.Debug|Any CPU.Build.0 = Debug|Any CPU
		{EA75F962-3AB6-489B-8C67-F9DFE2B497F1}.Release|Any CPU.ActiveCfg = Release|Any CPU
		{EA75F962-3AB6-489B-8C67-F9DFE2B497F1}.Release|Any CPU.Build.0 = Release|Any CPU
		{A3542059-ECDA-47FB-895F-FF4175BAAA5F}.Debug|Any CPU.ActiveCfg = Debug|Any CPU
		{A3542059-ECDA-47FB-895F-FF4175BAAA5F}.Debug|Any CPU.Build.0 = Debug|Any CPU
		{A3542059-ECDA-47FB-895F-FF4175BAAA5F}.Release|Any CPU.ActiveCfg = Release|Any CPU
		{A3542059-ECDA-47FB-895F-FF4175BAAA5F}.Release|Any CPU.Build.0 = Release|Any CPU
	EndGlobalSection
	GlobalSection(NestedProjects) = preSolution
		{2B7A1255-618F-4D89-A6CC-28F8D6590A5E} = {A473008B-3803-43D3-BAA3-817C04BFA7FA}
		{846E309E-D51E-4128-B05C-2C721C218F83} = {350C6046-7B5B-4973-95C4-C4A1A8575DF3}
		{AAFA7EE5-E246-424E-8216-486B336A5EA4} = {350C6046-7B5B-4973-95C4-C4A1A8575DF3}
		{A12F1B87-DF74-44CC-935B-2F67C52F9CB1} = {350C6046-7B5B-4973-95C4-C4A1A8575DF3}
		{EA75F962-3AB6-489B-8C67-F9DFE2B497F1} = {350C6046-7B5B-4973-95C4-C4A1A8575DF3}
		{78E85F0F-12AB-4741-B8F0-A08992ED3EE9} = {350C6046-7B5B-4973-95C4-C4A1A8575DF3}
		{A3542059-ECDA-47FB-895F-FF4175BAAA5F} = {78E85F0F-12AB-4741-B8F0-A08992ED3EE9}
	EndGlobalSection
EndGlobal
